
Microsoft Visual Studio Solution File, Format Version 12.00
# Visual Studio 15
VisualStudioVersion = 15.0.28307.1169
MinimumVisualStudioVersion = 10.0.40219.1
Project("{2150E333-8FDC-42A3-9474-1A3956D46DE8}") = "Lib", "Lib", "{778FD18A-CFFA-4B11-97CE-C4C01492DAFF}"
EndProject
Project("{2150E333-8FDC-42A3-9474-1A3956D46DE8}") = "Tools", "Tools", "{3DC33840-E750-4DF4-9CAA-E7FB5B936875}"
EndProject
Project("{8BC9CEB8-8B4A-11D0-8D11-00A0C91BC942}") = "Core", "Core\Core.vcxproj", "{8E40492C-0659-45C3-B379-345728D6CC96}"
EndProject
Project("{2150E333-8FDC-42A3-9474-1A3956D46DE8}") = "Data", "Data", "{8E526C0E-CB8B-463D-B48E-B58869F684B2}"
EndProject
Project("{2150E333-8FDC-42A3-9474-1A3956D46DE8}") = "Graphic", "Graphic", "{6030C4BC-4F69-4318-B13F-81E8CBA2BA05}"
EndProject
Project("{8BC9CEB8-8B4A-11D0-8D11-00A0C91BC942}") = "EvoMonsterBox_bmd", "Tools\Data\EvoMonsterBox_bmd\EvoMonsterBox_bmd.vcxproj", "{60467256-4D65-4A05-96F9-0192F4548BA2}"
EndProject
Project("{8BC9CEB8-8B4A-11D0-8D11-00A0C91BC942}") = "ExcellentOption_bmd", "Tools\Data\ExcellentOption_bmd\ExcellentOption_bmd.vcxproj", "{F741C77A-8EA9-48CD-B71F-C091D00E0780}"
EndProject
Project("{8BC9CEB8-8B4A-11D0-8D11-00A0C91BC942}") = "FormulaData_bmd", "Tools\Data\FormulaData_bmd\FormulaData_bmd.vcxproj", "{1CD79F37-3146-45C1-8144-E9CE17B857A9}"
EndProject
Project("{8BC9CEB8-8B4A-11D0-8D11-00A0C91BC942}") = "InfoTooltip_bmd", "Tools\Data\InfoTooltip_bmd\InfoTooltip_bmd.vcxproj", "{8507BE28-FA6E-4ED9-A6A1-8DC7B78A29E2}"
EndProject
Project("{8BC9CEB8-8B4A-11D0-8D11-00A0C91BC942}") = "InfoTooltipText_bmd", "Tools\Data\InfoTooltipText_bmd\InfoTooltipText_bmd.vcxproj", "{F98ACD11-B95E-4B48-8DE9-08F2496F243F}"
EndProject
Project("{8BC9CEB8-8B4A-11D0-8D11-00A0C91BC942}") = "Item_bmd", "Tools\Data\Item_bmd\Item_bmd.vcxproj", "{0596928C-BEBF-4EEB-81B5-0BD0C9299D7D}"
EndProject
Project("{8BC9CEB8-8B4A-11D0-8D11-00A0C91BC942}") = "ItemAddOption_bmd", "Tools\Data\ItemAddOption_bmd\ItemAddOption_bmd.vcxproj", "{04528F22-4CF9-4E46-8B76-16F573FEA058}"
EndProject
Project("{8BC9CEB8-8B4A-11D0-8D11-00A0C91BC942}") = "ItemSetOption_bmd", "Tools\Data\ItemSetOption_bmd\ItemSetOption_bmd.vcxproj", "{5CC8B1CA-C1A0-4A7B-AEFF-C463B93F52F4}"
EndProject
Project("{8BC9CEB8-8B4A-11D0-8D11-00A0C91BC942}") = "ItemSetOptionText_bmd", "Tools\Data\ItemSetOptionText_bmd\ItemSetOptionText_bmd.vcxproj", "{FA93196E-5402-4398-8712-849C7FE5896D}"
EndProject
Project("{8BC9CEB8-8B4A-11D0-8D11-00A0C91BC942}") = "ItemSetType_bmd", "Tools\Data\ItemSetType_bmd\ItemSetType_bmd.vcxproj", "{F251BBEB-AFC1-40A8-8467-3A25D60A2A7B}"
EndProject
Project("{8BC9CEB8-8B4A-11D0-8D11-00A0C91BC942}") = "JewelOfHarmonyOption_bmd", "Tools\Data\JewelOfHarmonyOption_bmd\JewelOfHarmonyOption_bmd.vcxproj", "{D8C1DCAA-B12E-4673-A4D7-7737CBC8F5C9}"
EndProject
Project("{8BC9CEB8-8B4A-11D0-8D11-00A0C91BC942}") = "Lang_mpr", "Tools\Data\Lang_mpr\Lang_mpr.vcxproj", "{9D4D60D7-F12A-4EC4-9050-C625F82E5E93}"
EndProject
Project("{8BC9CEB8-8B4A-11D0-8D11-00A0C91BC942}") = "MapCharacters_bmd", "Tools\Data\MapCharacters_bmd\MapCharacters_bmd.vcxproj", "{E6D5C8B6-F390-4AD9-966F-25BAD7039320}"
EndProject
Project("{8BC9CEB8-8B4A-11D0-8D11-00A0C91BC942}") = "MasterSkillTooltip_bmd", "Tools\Data\MasterSkillTooltip_bmd\MasterSkillTooltip_bmd.vcxproj", "{CBA49925-9136-4B4B-8337-23EEE987E780}"
EndProject
Project("{8BC9CEB8-8B4A-11D0-8D11-00A0C91BC942}") = "MasterSkillTreeData_bmd", "Tools\Data\MasterSkillTreeData_bmd\MasterSkillTreeData_bmd.vcxproj", "{0FC8AF96-1D2D-4A6C-91E3-9D6D7C3A73DF}"
EndProject
Project("{8BC9CEB8-8B4A-11D0-8D11-00A0C91BC942}") = "Mix_bmd", "Tools\Data\Mix_bmd\Mix_bmd.vcxproj", "{52ED805B-5A26-4BAC-B7F3-85EDE5F64E4D}"
EndProject
Project("{8BC9CEB8-8B4A-11D0-8D11-00A0C91BC942}") = "MonsterSkill_bmd", "Tools\Data\MonsterSkill_bmd\MonsterSkill_bmd.vcxproj", "{48A10943-1869-4FD7-8107-7A4F99BB0A63}"
EndProject
Project("{8BC9CEB8-8B4A-11D0-8D11-00A0C91BC942}") = "MuRummyCard_bmd", "Tools\Data\MuRummyCard_bmd\MuRummyCard_bmd.vcxproj", "{5FDEB317-6F2F-45CD-A075-F33D5C6E1254}"
EndProject
Project("{8BC9CEB8-8B4A-11D0-8D11-00A0C91BC942}") = "MuRummyOption_bmd", "Tools\Data\MuRummyOption_bmd\MuRummyOption_bmd.vcxproj", "{0B4AA9DC-CA82-45FA-805F-25BAA4FF93B7}"
EndProject
Project("{8BC9CEB8-8B4A-11D0-8D11-00A0C91BC942}") = "MuRummySlot_bmd", "Tools\Data\MuRummySlot_bmd\MuRummySlot_bmd.vcxproj", "{53CEB8EA-D8D0-479D-B7E7-F9BB2B9C6875}"
EndProject
Project("{8BC9CEB8-8B4A-11D0-8D11-00A0C91BC942}") = "MuunExchange_bmd", "Tools\Data\MuunExchange_bmd\MuunExchange_bmd.vcxproj", "{8CF35919-EDCC-4CB3-BB06-EC576CB12B8E}"
EndProject
Project("{8BC9CEB8-8B4A-11D0-8D11-00A0C91BC942}") = "MuunInfo_bmd", "Tools\Data\MuunInfo_bmd\MuunInfo_bmd.vcxproj", "{B07BA8A1-A20B-40AA-8AD6-A9A666630BFD}"
EndProject
Project("{8BC9CEB8-8B4A-11D0-8D11-00A0C91BC942}") = "MuunOption_bmd", "Tools\Data\MuunOption_bmd\MuunOption_bmd.vcxproj", "{39D61E5A-FC4E-430F-B534-740EBA82370B}"
EndProject
Project("{8BC9CEB8-8B4A-11D0-8D11-00A0C91BC942}") = "MuunTooltipInfo_bmd", "Tools\Data\MuunTooltipInfo_bmd\MuunTooltipInfo_bmd.vcxproj", "{8BB99840-7608-4261-B669-4ED57A4B8EBE}"
EndProject
Project("{8BC9CEB8-8B4A-11D0-8D11-00A0C91BC942}") = "NPCDialogue_bmd", "Tools\Data\NPCDialogue_bmd\NPCDialogue_bmd.vcxproj", "{E4D1E246-AF7F-49D2-9D15-A1AAF1AE5006}"
EndProject
Project("{8BC9CEB8-8B4A-11D0-8D11-00A0C91BC942}") = "PentagramMixNeedSource_bmd", "Tools\Data\PentagramMixNeedSource_bmd\PentagramMixNeedSource_bmd.vcxproj", "{BC97C5CA-4367-4CC9-90E8-D2978AB9DBEE}"
EndProject
Project("{8BC9CEB8-8B4A-11D0-8D11-00A0C91BC942}") = "PlayGuide_bmd", "Tools\Data\PlayGuide_bmd\PlayGuide_bmd.vcxproj", "{55C1606D-67C3-4B65-9AEA-7EAE3D6400A8}"
EndProject
Project("{8BC9CEB8-8B4A-11D0-8D11-00A0C91BC942}") = "Quest_bmd", "Tools\Data\Quest_bmd\Quest_bmd.vcxproj", "{12ED72FE-4841-4A7E-B6EA-CE620CB33D3E}"
EndProject
Project("{8BC9CEB8-8B4A-11D0-8D11-00A0C91BC942}") = "QuestProgress_bmd", "Tools\Data\QuestProgress_bmd\QuestProgress_bmd.vcxproj", "{15B3C6F0-2EB4-46FA-A46E-EB51ECA07B07}"
EndProject
Project("{8BC9CEB8-8B4A-11D0-8D11-00A0C91BC942}") = "QuestWords_bmd", "Tools\Data\QuestWords_bmd\QuestWords_bmd.vcxproj", "{1A0002FF-7B1B-4DA1-B9BE-A83FE3B66927}"
EndProject
Project("{8BC9CEB8-8B4A-11D0-8D11-00A0C91BC942}") = "ServerList_bmd", "Tools\Data\ServerList_bmd\ServerList_bmd.vcxproj", "{9EFA77C2-2401-4187-9C35-A8B803BEA943}"
EndProject
Project("{8BC9CEB8-8B4A-11D0-8D11-00A0C91BC942}") = "SkillTooltipText_bmd", "Tools\Data\SkillTooltipText_bmd\SkillTooltipText_bmd.vcxproj", "{0FCA7FE6-D4F0-4AB0-9F8A-E90364AB29D9}"
EndProject
Project("{8BC9CEB8-8B4A-11D0-8D11-00A0C91BC942}") = "SocketItem_bmd", "Tools\Data\SocketItem_bmd\SocketItem_bmd.vcxproj", "{CBE15C79-9EFD-4D0C-917A-21F4F513339B}"
EndProject
Project("{8BC9CEB8-8B4A-11D0-8D11-00A0C91BC942}") = "StatOption_bmd", "Tools\Data\StatOption_bmd\StatOption_bmd.vcxproj", "{3083D764-1255-4AA0-A22A-1533493F94FB}"
EndProject
Project("{8BC9CEB8-8B4A-11D0-8D11-00A0C91BC942}") = "StatOptionText_bmd", "Tools\Data\StatOptionText_bmd\StatOptionText_bmd.vcxproj", "{D4B0F910-DD08-402A-9BF2-4464D3F64CC8}"
EndProject
Project("{8BC9CEB8-8B4A-11D0-8D11-00A0C91BC942}") = "AllInOne", "Tools\Graphic\AllInOne\AllInOne.vcxproj", "{82B64CE9-B757-43E6-A543-5284651FA8FC}"
EndProject
Project("{8BC9CEB8-8B4A-11D0-8D11-00A0C91BC942}") = "ItemToolTip_bmd", "Tools\Data\ItemToolTip_bmd\ItemToolTip_bmd.vcxproj", "{D12967EF-F04D-409D-8D79-18F80159C634}"
EndProject
Project("{8BC9CEB8-8B4A-11D0-8D11-00A0C91BC942}") = "ItemToolTipText_bmd", "Tools\Data\ItemToolTipText_bmd\ItemToolTipText_bmd.vcxproj", "{B7AEE80B-73A7-49B4-A524-40DB6E15D142}"
EndProject
Project("{8BC9CEB8-8B4A-11D0-8D11-00A0C91BC942}") = "MuunRenderInfo_bmd", "Tools\Data\MuunRenderInfo_bmd\MuunRenderInfo_bmd.vcxproj", "{0C8A3192-B5EC-4083-900F-A9BD0D319832}"
EndProject
Project("{8BC9CEB8-8B4A-11D0-8D11-00A0C91BC942}") = "MuunMeshInfo_bmd", "Tools\Data\MuunMeshInfo_bmd\MuunMeshInfo_bmd.vcxproj", "{9F583965-B501-447E-B2EA-A81D16AA76EF}"
EndProject
Project("{8BC9CEB8-8B4A-11D0-8D11-00A0C91BC942}") = "PetData_bmd", "Tools\Data\PetData_bmd\PetData_bmd.vcxproj", "{C3D2E4AC-CFEA-499D-ADDE-F9CC868C154B}"
EndProject
Project("{8BC9CEB8-8B4A-11D0-8D11-00A0C91BC942}") = "Pet_bmd", "Tools\Data\Pet_bmd\Pet_bmd.vcxproj", "{198AE303-C142-4085-9354-3AADEA9FAF72}"
EndProject
Global
	GlobalSection(SolutionConfigurationPlatforms) = preSolution
		Release|x86 = Release|x86
	EndGlobalSection
	GlobalSection(ProjectConfigurationPlatforms) = postSolution
		{8E40492C-0659-45C3-B379-345728D6CC96}.Release|x86.ActiveCfg = Release|Win32
		{8E40492C-0659-45C3-B379-345728D6CC96}.Release|x86.Build.0 = Release|Win32
		{60467256-4D65-4A05-96F9-0192F4548BA2}.Release|x86.ActiveCfg = Release|Win32
		{60467256-4D65-4A05-96F9-0192F4548BA2}.Release|x86.Build.0 = Release|Win32
		{F741C77A-8EA9-48CD-B71F-C091D00E0780}.Release|x86.ActiveCfg = Release|Win32
		{F741C77A-8EA9-48CD-B71F-C091D00E0780}.Release|x86.Build.0 = Release|Win32
		{1CD79F37-3146-45C1-8144-E9CE17B857A9}.Release|x86.ActiveCfg = Release|Win32
		{1CD79F37-3146-45C1-8144-E9CE17B857A9}.Release|x86.Build.0 = Release|Win32
		{8507BE28-FA6E-4ED9-A6A1-8DC7B78A29E2}.Release|x86.ActiveCfg = Release|Win32
		{8507BE28-FA6E-4ED9-A6A1-8DC7B78A29E2}.Release|x86.Build.0 = Release|Win32
		{F98ACD11-B95E-4B48-8DE9-08F2496F243F}.Release|x86.ActiveCfg = Release|Win32
		{F98ACD11-B95E-4B48-8DE9-08F2496F243F}.Release|x86.Build.0 = Release|Win32
		{0596928C-BEBF-4EEB-81B5-0BD0C9299D7D}.Release|x86.ActiveCfg = Release|Win32
		{0596928C-BEBF-4EEB-81B5-0BD0C9299D7D}.Release|x86.Build.0 = Release|Win32
		{04528F22-4CF9-4E46-8B76-16F573FEA058}.Release|x86.ActiveCfg = Release|Win32
		{04528F22-4CF9-4E46-8B76-16F573FEA058}.Release|x86.Build.0 = Release|Win32
		{5CC8B1CA-C1A0-4A7B-AEFF-C463B93F52F4}.Release|x86.ActiveCfg = Release|Win32
		{5CC8B1CA-C1A0-4A7B-AEFF-C463B93F52F4}.Release|x86.Build.0 = Release|Win32
		{FA93196E-5402-4398-8712-849C7FE5896D}.Release|x86.ActiveCfg = Release|Win32
		{FA93196E-5402-4398-8712-849C7FE5896D}.Release|x86.Build.0 = Release|Win32
		{F251BBEB-AFC1-40A8-8467-3A25D60A2A7B}.Release|x86.ActiveCfg = Release|Win32
		{F251BBEB-AFC1-40A8-8467-3A25D60A2A7B}.Release|x86.Build.0 = Release|Win32
		{D8C1DCAA-B12E-4673-A4D7-7737CBC8F5C9}.Release|x86.ActiveCfg = Release|Win32
		{D8C1DCAA-B12E-4673-A4D7-7737CBC8F5C9}.Release|x86.Build.0 = Release|Win32
		{9D4D60D7-F12A-4EC4-9050-C625F82E5E93}.Release|x86.ActiveCfg = Release|Win32
		{9D4D60D7-F12A-4EC4-9050-C625F82E5E93}.Release|x86.Build.0 = Release|Win32
		{E6D5C8B6-F390-4AD9-966F-25BAD7039320}.Release|x86.ActiveCfg = Release|Win32
		{E6D5C8B6-F390-4AD9-966F-25BAD7039320}.Release|x86.Build.0 = Release|Win32
		{CBA49925-9136-4B4B-8337-23EEE987E780}.Release|x86.ActiveCfg = Release|Win32
		{CBA49925-9136-4B4B-8337-23EEE987E780}.Release|x86.Build.0 = Release|Win32
		{0FC8AF96-1D2D-4A6C-91E3-9D6D7C3A73DF}.Release|x86.ActiveCfg = Release|Win32
		{0FC8AF96-1D2D-4A6C-91E3-9D6D7C3A73DF}.Release|x86.Build.0 = Release|Win32
		{52ED805B-5A26-4BAC-B7F3-85EDE5F64E4D}.Release|x86.ActiveCfg = Release|Win32
		{52ED805B-5A26-4BAC-B7F3-85EDE5F64E4D}.Release|x86.Build.0 = Release|Win32
		{48A10943-1869-4FD7-8107-7A4F99BB0A63}.Release|x86.ActiveCfg = Release|Win32
		{48A10943-1869-4FD7-8107-7A4F99BB0A63}.Release|x86.Build.0 = Release|Win32
		{5FDEB317-6F2F-45CD-A075-F33D5C6E1254}.Release|x86.ActiveCfg = Release|Win32
		{5FDEB317-6F2F-45CD-A075-F33D5C6E1254}.Release|x86.Build.0 = Release|Win32
		{0B4AA9DC-CA82-45FA-805F-25BAA4FF93B7}.Release|x86.ActiveCfg = Release|Win32
		{0B4AA9DC-CA82-45FA-805F-25BAA4FF93B7}.Release|x86.Build.0 = Release|Win32
		{53CEB8EA-D8D0-479D-B7E7-F9BB2B9C6875}.Release|x86.ActiveCfg = Release|Win32
		{53CEB8EA-D8D0-479D-B7E7-F9BB2B9C6875}.Release|x86.Build.0 = Release|Win32
		{8CF35919-EDCC-4CB3-BB06-EC576CB12B8E}.Release|x86.ActiveCfg = Release|Win32
		{8CF35919-EDCC-4CB3-BB06-EC576CB12B8E}.Release|x86.Build.0 = Release|Win32
		{B07BA8A1-A20B-40AA-8AD6-A9A666630BFD}.Release|x86.ActiveCfg = Release|Win32
		{B07BA8A1-A20B-40AA-8AD6-A9A666630BFD}.Release|x86.Build.0 = Release|Win32
		{39D61E5A-FC4E-430F-B534-740EBA82370B}.Release|x86.ActiveCfg = Release|Win32
		{39D61E5A-FC4E-430F-B534-740EBA82370B}.Release|x86.Build.0 = Release|Win32
		{8BB99840-7608-4261-B669-4ED57A4B8EBE}.Release|x86.ActiveCfg = Release|Win32
		{8BB99840-7608-4261-B669-4ED57A4B8EBE}.Release|x86.Build.0 = Release|Win32
		{E4D1E246-AF7F-49D2-9D15-A1AAF1AE5006}.Release|x86.ActiveCfg = Release|Win32
		{E4D1E246-AF7F-49D2-9D15-A1AAF1AE5006}.Release|x86.Build.0 = Release|Win32
		{BC97C5CA-4367-4CC9-90E8-D2978AB9DBEE}.Release|x86.ActiveCfg = Release|Win32
		{BC97C5CA-4367-4CC9-90E8-D2978AB9DBEE}.Release|x86.Build.0 = Release|Win32
		{55C1606D-67C3-4B65-9AEA-7EAE3D6400A8}.Release|x86.ActiveCfg = Release|Win32
		{55C1606D-67C3-4B65-9AEA-7EAE3D6400A8}.Release|x86.Build.0 = Release|Win32
		{12ED72FE-4841-4A7E-B6EA-CE620CB33D3E}.Release|x86.ActiveCfg = Release|Win32
		{12ED72FE-4841-4A7E-B6EA-CE620CB33D3E}.Release|x86.Build.0 = Release|Win32
		{15B3C6F0-2EB4-46FA-A46E-EB51ECA07B07}.Release|x86.ActiveCfg = Release|Win32
		{15B3C6F0-2EB4-46FA-A46E-EB51ECA07B07}.Release|x86.Build.0 = Release|Win32
		{1A0002FF-7B1B-4DA1-B9BE-A83FE3B66927}.Release|x86.ActiveCfg = Release|Win32
		{1A0002FF-7B1B-4DA1-B9BE-A83FE3B66927}.Release|x86.Build.0 = Release|Win32
		{9EFA77C2-2401-4187-9C35-A8B803BEA943}.Release|x86.ActiveCfg = Release|Win32
		{9EFA77C2-2401-4187-9C35-A8B803BEA943}.Release|x86.Build.0 = Release|Win32
		{0FCA7FE6-D4F0-4AB0-9F8A-E90364AB29D9}.Release|x86.ActiveCfg = Release|Win32
		{0FCA7FE6-D4F0-4AB0-9F8A-E90364AB29D9}.Release|x86.Build.0 = Release|Win32
		{CBE15C79-9EFD-4D0C-917A-21F4F513339B}.Release|x86.ActiveCfg = Release|Win32
		{CBE15C79-9EFD-4D0C-917A-21F4F513339B}.Release|x86.Build.0 = Release|Win32
		{3083D764-1255-4AA0-A22A-1533493F94FB}.Release|x86.ActiveCfg = Release|Win32
		{3083D764-1255-4AA0-A22A-1533493F94FB}.Release|x86.Build.0 = Release|Win32
		{D4B0F910-DD08-402A-9BF2-4464D3F64CC8}.Release|x86.ActiveCfg = Release|Win32
		{D4B0F910-DD08-402A-9BF2-4464D3F64CC8}.Release|x86.Build.0 = Release|Win32
		{82B64CE9-B757-43E6-A543-5284651FA8FC}.Release|x86.ActiveCfg = Release|Win32
		{82B64CE9-B757-43E6-A543-5284651FA8FC}.Release|x86.Build.0 = Release|Win32
		{D12967EF-F04D-409D-8D79-18F80159C634}.Release|x86.ActiveCfg = Release|Win32
		{D12967EF-F04D-409D-8D79-18F80159C634}.Release|x86.Build.0 = Release|Win32
		{B7AEE80B-73A7-49B4-A524-40DB6E15D142}.Release|x86.ActiveCfg = Release|Win32
		{B7AEE80B-73A7-49B4-A524-40DB6E15D142}.Release|x86.Build.0 = Release|Win32
		{0C8A3192-B5EC-4083-900F-A9BD0D319832}.Release|x86.ActiveCfg = Release|Win32
		{0C8A3192-B5EC-4083-900F-A9BD0D319832}.Release|x86.Build.0 = Release|Win32
		{9F583965-B501-447E-B2EA-A81D16AA76EF}.Release|x86.ActiveCfg = Release|Win32
		{9F583965-B501-447E-B2EA-A81D16AA76EF}.Release|x86.Build.0 = Release|Win32
		{C3D2E4AC-CFEA-499D-ADDE-F9CC868C154B}.Release|x86.ActiveCfg = Release|Win32
		{C3D2E4AC-CFEA-499D-ADDE-F9CC868C154B}.Release|x86.Build.0 = Release|Win32
		{198AE303-C142-4085-9354-3AADEA9FAF72}.Release|x86.ActiveCfg = Release|Win32
		{198AE303-C142-4085-9354-3AADEA9FAF72}.Release|x86.Build.0 = Release|Win32
	EndGlobalSection
	GlobalSection(SolutionProperties) = preSolution
		HideSolutionNode = FALSE
	EndGlobalSection
	GlobalSection(NestedProjects) = preSolution
		{8E40492C-0659-45C3-B379-345728D6CC96} = {778FD18A-CFFA-4B11-97CE-C4C01492DAFF}
		{8E526C0E-CB8B-463D-B48E-B58869F684B2} = {3DC33840-E750-4DF4-9CAA-E7FB5B936875}
		{6030C4BC-4F69-4318-B13F-81E8CBA2BA05} = {3DC33840-E750-4DF4-9CAA-E7FB5B936875}
		{60467256-4D65-4A05-96F9-0192F4548BA2} = {8E526C0E-CB8B-463D-B48E-B58869F684B2}
		{F741C77A-8EA9-48CD-B71F-C091D00E0780} = {8E526C0E-CB8B-463D-B48E-B58869F684B2}
		{1CD79F37-3146-45C1-8144-E9CE17B857A9} = {8E526C0E-CB8B-463D-B48E-B58869F684B2}
		{8507BE28-FA6E-4ED9-A6A1-8DC7B78A29E2} = {8E526C0E-CB8B-463D-B48E-B58869F684B2}
		{F98ACD11-B95E-4B48-8DE9-08F2496F243F} = {8E526C0E-CB8B-463D-B48E-B58869F684B2}
		{0596928C-BEBF-4EEB-81B5-0BD0C9299D7D} = {8E526C0E-CB8B-463D-B48E-B58869F684B2}
		{04528F22-4CF9-4E46-8B76-16F573FEA058} = {8E526C0E-CB8B-463D-B48E-B58869F684B2}
		{5CC8B1CA-C1A0-4A7B-AEFF-C463B93F52F4} = {8E526C0E-CB8B-463D-B48E-B58869F684B2}
		{FA93196E-5402-4398-8712-849C7FE5896D} = {8E526C0E-CB8B-463D-B48E-B58869F684B2}
		{F251BBEB-AFC1-40A8-8467-3A25D60A2A7B} = {8E526C0E-CB8B-463D-B48E-B58869F684B2}
		{D8C1DCAA-B12E-4673-A4D7-7737CBC8F5C9} = {8E526C0E-CB8B-463D-B48E-B58869F684B2}
		{9D4D60D7-F12A-4EC4-9050-C625F82E5E93} = {8E526C0E-CB8B-463D-B48E-B58869F684B2}
		{E6D5C8B6-F390-4AD9-966F-25BAD7039320} = {8E526C0E-CB8B-463D-B48E-B58869F684B2}
		{CBA49925-9136-4B4B-8337-23EEE987E780} = {8E526C0E-CB8B-463D-B48E-B58869F684B2}
		{0FC8AF96-1D2D-4A6C-91E3-9D6D7C3A73DF} = {8E526C0E-CB8B-463D-B48E-B58869F684B2}
		{52ED805B-5A26-4BAC-B7F3-85EDE5F64E4D} = {8E526C0E-CB8B-463D-B48E-B58869F684B2}
		{48A10943-1869-4FD7-8107-7A4F99BB0A63} = {8E526C0E-CB8B-463D-B48E-B58869F684B2}
		{5FDEB317-6F2F-45CD-A075-F33D5C6E1254} = {8E526C0E-CB8B-463D-B48E-B58869F684B2}
		{0B4AA9DC-CA82-45FA-805F-25BAA4FF93B7} = {8E526C0E-CB8B-463D-B48E-B58869F684B2}
		{53CEB8EA-D8D0-479D-B7E7-F9BB2B9C6875} = {8E526C0E-CB8B-463D-B48E-B58869F684B2}
		{8CF35919-EDCC-4CB3-BB06-EC576CB12B8E} = {8E526C0E-CB8B-463D-B48E-B58869F684B2}
		{B07BA8A1-A20B-40AA-8AD6-A9A666630BFD} = {8E526C0E-CB8B-463D-B48E-B58869F684B2}
		{39D61E5A-FC4E-430F-B534-740EBA82370B} = {8E526C0E-CB8B-463D-B48E-B58869F684B2}
		{8BB99840-7608-4261-B669-4ED57A4B8EBE} = {8E526C0E-CB8B-463D-B48E-B58869F684B2}
		{E4D1E246-AF7F-49D2-9D15-A1AAF1AE5006} = {8E526C0E-CB8B-463D-B48E-B58869F684B2}
		{BC97C5CA-4367-4CC9-90E8-D2978AB9DBEE} = {8E526C0E-CB8B-463D-B48E-B58869F684B2}
		{55C1606D-67C3-4B65-9AEA-7EAE3D6400A8} = {8E526C0E-CB8B-463D-B48E-B58869F684B2}
		{12ED72FE-4841-4A7E-B6EA-CE620CB33D3E} = {8E526C0E-CB8B-463D-B48E-B58869F684B2}
		{15B3C6F0-2EB4-46FA-A46E-EB51ECA07B07} = {8E526C0E-CB8B-463D-B48E-B58869F684B2}
		{1A0002FF-7B1B-4DA1-B9BE-A83FE3B66927} = {8E526C0E-CB8B-463D-B48E-B58869F684B2}
		{9EFA77C2-2401-4187-9C35-A8B803BEA943} = {8E526C0E-CB8B-463D-B48E-B58869F684B2}
		{0FCA7FE6-D4F0-4AB0-9F8A-E90364AB29D9} = {8E526C0E-CB8B-463D-B48E-B58869F684B2}
		{CBE15C79-9EFD-4D0C-917A-21F4F513339B} = {8E526C0E-CB8B-463D-B48E-B58869F684B2}
		{3083D764-1255-4AA0-A22A-1533493F94FB} = {8E526C0E-CB8B-463D-B48E-B58869F684B2}
		{D4B0F910-DD08-402A-9BF2-4464D3F64CC8} = {8E526C0E-CB8B-463D-B48E-B58869F684B2}
		{82B64CE9-B757-43E6-A543-5284651FA8FC} = {6030C4BC-4F69-4318-B13F-81E8CBA2BA05}
		{D12967EF-F04D-409D-8D79-18F80159C634} = {8E526C0E-CB8B-463D-B48E-B58869F684B2}
		{B7AEE80B-73A7-49B4-A524-40DB6E15D142} = {8E526C0E-CB8B-463D-B48E-B58869F684B2}
		{0C8A3192-B5EC-4083-900F-A9BD0D319832} = {8E526C0E-CB8B-463D-B48E-B58869F684B2}
		{9F583965-B501-447E-B2EA-A81D16AA76EF} = {8E526C0E-CB8B-463D-B48E-B58869F684B2}
		{C3D2E4AC-CFEA-499D-ADDE-F9CC868C154B} = {8E526C0E-CB8B-463D-B48E-B58869F684B2}
		{198AE303-C142-4085-9354-3AADEA9FAF72} = {8E526C0E-CB8B-463D-B48E-B58869F684B2}
	EndGlobalSection
	GlobalSection(ExtensibilityGlobals) = postSolution
		SolutionGuid = {78828549-D639-412A-A60F-6AC294C049AF}
	EndGlobalSection
EndGlobal
